// !$*UTF8*$!
{
	archiveVersion = 1;
	classes = {
	};
	objectVersion = 56;
	objects = {

/* Begin PBXBuildFile section */
		E48F22842935C494006BFCD5 /* AppStoreAnimationsApp.swift in Sources */ = {isa = PBXBuildFile; fileRef = E48F22832935C494006BFCD5 /* AppStoreAnimationsApp.swift */; };
		E48F22862935C494006BFCD5 /* ContentView.swift in Sources */ = {isa = PBXBuildFile; fileRef = E48F22852935C494006BFCD5 /* ContentView.swift */; };
		E48F22882935C495006BFCD5 /* Assets.xcassets in Resources */ = {isa = PBXBuildFile; fileRef = E48F22872935C495006BFCD5 /* Assets.xcassets */; };
		E48F228B2935C495006BFCD5 /* Preview Assets.xcassets in Resources */ = {isa = PBXBuildFile; fileRef = E48F228A2935C495006BFCD5 /* Preview Assets.xcassets */; };
		E48F22932935C53B006BFCD5 /* AppItem.swift in Sources */ = {isa = PBXBuildFile; fileRef = E48F22922935C53B006BFCD5 /* AppItem.swift */; };
		E48F22972935C5BC006BFCD5 /* DateUtilities.swift in Sources */ = {isa = PBXBuildFile; fileRef = E48F22962935C5BC006BFCD5 /* DateUtilities.swift */; };
		E48F229A2935C5E9006BFCD5 /* IconButton.swift in Sources */ = {isa = PBXBuildFile; fileRef = E48F22992935C5E9006BFCD5 /* IconButton.swift */; };
		E48F229C2935C62D006BFCD5 /* SubTitleView.swift in Sources */ = {isa = PBXBuildFile; fileRef = E48F229B2935C62D006BFCD5 /* SubTitleView.swift */; };
		E48F229E2935C674006BFCD5 /* DiscoverView.swift in Sources */ = {isa = PBXBuildFile; fileRef = E48F229D2935C674006BFCD5 /* DiscoverView.swift */; };
		E48F22A02935C6A7006BFCD5 /* AppItemCard.swift in Sources */ = {isa = PBXBuildFile; fileRef = E48F229F2935C6A7006BFCD5 /* AppItemCard.swift */; };
		E48F22A22935C6C9006BFCD5 /* AppListView.swift in Sources */ = {isa = PBXBuildFile; fileRef = E48F22A12935C6C9006BFCD5 /* AppListView.swift */; };
		E48F22A52935C6F9006BFCD5 /* SearchNavigationView.swift in Sources */ = {isa = PBXBuildFile; fileRef = E48F22A42935C6F9006BFCD5 /* SearchNavigationView.swift */; };
		E48F22A72935C716006BFCD5 /* AppStoreSearchView.swift in Sources */ = {isa = PBXBuildFile; fileRef = E48F22A62935C716006BFCD5 /* AppStoreSearchView.swift */; };
		E48F22A92935C764006BFCD5 /* AppStoreHomeView.swift in Sources */ = {isa = PBXBuildFile; fileRef = E48F22A82935C764006BFCD5 /* AppStoreHomeView.swift */; };
		E48F22AB2935C776006BFCD5 /* AppStoreArcadeView.swift in Sources */ = {isa = PBXBuildFile; fileRef = E48F22AA2935C776006BFCD5 /* AppStoreArcadeView.swift */; };
		E48F22AF2935C79E006BFCD5 /* AppStoreHeaderView.swift in Sources */ = {isa = PBXBuildFile; fileRef = E48F22AE2935C79E006BFCD5 /* AppStoreHeaderView.swift */; };
		E48F22B12935C7C4006BFCD5 /* AppStoreAppsView.swift in Sources */ = {isa = PBXBuildFile; fileRef = E48F22B02935C7C4006BFCD5 /* AppStoreAppsView.swift */; };
		E48F22B32935C7D8006BFCD5 /* AppStoreGamesView.swift in Sources */ = {isa = PBXBuildFile; fileRef = E48F22B22935C7D8006BFCD5 /* AppStoreGamesView.swift */; };
		E48F22B52935C7F2006BFCD5 /* AppStoreTodayView.swift in Sources */ = {isa = PBXBuildFile; fileRef = E48F22B42935C7F2006BFCD5 /* AppStoreTodayView.swift */; };
/* End PBXBuildFile section */

/* Begin PBXFileReference section */
		E48F22802935C494006BFCD5 /* AppStoreAnimations.app */ = {isa = PBXFileReference; explicitFileType = wrapper.application; includeInIndex = 0; path = AppStoreAnimations.app; sourceTree = BUILT_PRODUCTS_DIR; };
		E48F22832935C494006BFCD5 /* AppStoreAnimationsApp.swift */ = {isa = PBXFileReference; lastKnownFileType = sourcecode.swift; path = AppStoreAnimationsApp.swift; sourceTree = "<group>"; };
		E48F22852935C494006BFCD5 /* ContentView.swift */ = {isa = PBXFileReference; lastKnownFileType = sourcecode.swift; path = ContentView.swift; sourceTree = "<group>"; };
		E48F22872935C495006BFCD5 /* Assets.xcassets */ = {isa = PBXFileReference; lastKnownFileType = folder.assetcatalog; path = Assets.xcassets; sourceTree = "<group>"; };
		E48F228A2935C495006BFCD5 /* Preview Assets.xcassets */ = {isa = PBXFileReference; lastKnownFileType = folder.assetcatalog; path = "Preview Assets.xcassets"; sourceTree = "<group>"; };
		E48F22922935C53B006BFCD5 /* AppItem.swift */ = {isa = PBXFileReference; lastKnownFileType = sourcecode.swift; path = AppItem.swift; sourceTree = "<group>"; };
		E48F22962935C5BC006BFCD5 /* DateUtilities.swift */ = {isa = PBXFileReference; lastKnownFileType = sourcecode.swift; path = DateUtilities.swift; sourceTree = "<group>"; };
		E48F22992935C5E9006BFCD5 /* IconButton.swift */ = {isa = PBXFileReference; lastKnownFileType = sourcecode.swift; path = IconButton.swift; sourceTree = "<group>"; };
		E48F229B2935C62D006BFCD5 /* SubTitleView.swift */ = {isa = PBXFileReference; lastKnownFileType = sourcecode.swift; path = SubTitleView.swift; sourceTree = "<group>"; };
		E48F229D2935C674006BFCD5 /* DiscoverView.swift */ = {isa = PBXFileReference; lastKnownFileType = sourcecode.swift; path = DiscoverView.swift; sourceTree = "<group>"; };
		E48F229F2935C6A7006BFCD5 /* AppItemCard.swift */ = {isa = PBXFileReference; lastKnownFileType = sourcecode.swift; path = AppItemCard.swift; sourceTree = "<group>"; };
		E48F22A12935C6C9006BFCD5 /* AppListView.swift */ = {isa = PBXFileReference; lastKnownFileType = sourcecode.swift; path = AppListView.swift; sourceTree = "<group>"; };
		E48F22A42935C6F9006BFCD5 /* SearchNavigationView.swift */ = {isa = PBXFileReference; lastKnownFileType = sourcecode.swift; path = SearchNavigationView.swift; sourceTree = "<group>"; };
		E48F22A62935C716006BFCD5 /* AppStoreSearchView.swift */ = {isa = PBXFileReference; lastKnownFileType = sourcecode.swift; path = AppStoreSearchView.swift; sourceTree = "<group>"; };
		E48F22A82935C764006BFCD5 /* AppStoreHomeView.swift */ = {isa = PBXFileReference; lastKnownFileType = sourcecode.swift; path = AppStoreHomeView.swift; sourceTree = "<group>"; };
		E48F22AA2935C776006BFCD5 /* AppStoreArcadeView.swift */ = {isa = PBXFileReference; lastKnownFileType = sourcecode.swift; path = AppStoreArcadeView.swift; sourceTree = "<group>"; };
		E48F22AE2935C79E006BFCD5 /* AppStoreHeaderView.swift */ = {isa = PBXFileReference; lastKnownFileType = sourcecode.swift; path = AppStoreHeaderView.swift; sourceTree = "<group>"; };
		E48F22B02935C7C4006BFCD5 /* AppStoreAppsView.swift */ = {isa = PBXFileReference; lastKnownFileType = sourcecode.swift; path = AppStoreAppsView.swift; sourceTree = "<group>"; };
		E48F22B22935C7D8006BFCD5 /* AppStoreGamesView.swift */ = {isa = PBXFileReference; lastKnownFileType = sourcecode.swift; path = AppStoreGamesView.swift; sourceTree = "<group>"; };
		E48F22B42935C7F2006BFCD5 /* AppStoreTodayView.swift */ = {isa = PBXFileReference; lastKnownFileType = sourcecode.swift; path = AppStoreTodayView.swift; sourceTree = "<group>"; };
/* End PBXFileReference section */

/* Begin PBXFrameworksBuildPhase section */
		E48F227D2935C494006BFCD5 /* Frameworks */ = {
			isa = PBXFrameworksBuildPhase;
			buildActionMask = 2147483647;
			files = (
			);
			runOnlyForDeploymentPostprocessing = 0;
		};
/* End PBXFrameworksBuildPhase section */

/* Begin PBXGroup section */
		E48F22772935C494006BFCD5 = {
			isa = PBXGroup;
			children = (
				E48F22822935C494006BFCD5 /* AppStoreAnimations */,
				E48F22812935C494006BFCD5 /* Products */,
			);
			sourceTree = "<group>";
		};
		E48F22812935C494006BFCD5 /* Products */ = {
			isa = PBXGroup;
			children = (
				E48F22802935C494006BFCD5 /* AppStoreAnimations.app */,
			);
			name = Products;
			sourceTree = "<group>";
		};
		E48F22822935C494006BFCD5 /* AppStoreAnimations */ = {
			isa = PBXGroup;
			children = (
				E48F22832935C494006BFCD5 /* AppStoreAnimationsApp.swift */,
				E48F22852935C494006BFCD5 /* ContentView.swift */,
				E48F22982935C5E0006BFCD5 /* Components */,
				E48F22952935C5AE006BFCD5 /* Utilities */,
				E48F22912935C52D006BFCD5 /* Model */,
				E48F22942935C556006BFCD5 /* View */,
				E48F22872935C495006BFCD5 /* Assets.xcassets */,
				E48F22892935C495006BFCD5 /* Preview Content */,
			);
			path = AppStoreAnimations;
			sourceTree = "<group>";
		};
		E48F22892935C495006BFCD5 /* Preview Content */ = {
			isa = PBXGroup;
			children = (
				E48F228A2935C495006BFCD5 /* Preview Assets.xcassets */,
			);
			path = "Preview Content";
			sourceTree = "<group>";
		};
		E48F22912935C52D006BFCD5 /* Model */ = {
			isa = PBXGroup;
			children = (
				E48F22922935C53B006BFCD5 /* AppItem.swift */,
			);
			path = Model;
			sourceTree = "<group>";
		};
		E48F22942935C556006BFCD5 /* View */ = {
			isa = PBXGroup;
			children = (
				E48F22A32935C6EA006BFCD5 /* Search */,
				E48F22A82935C764006BFCD5 /* AppStoreHomeView.swift */,
				E48F22AA2935C776006BFCD5 /* AppStoreArcadeView.swift */,
				E48F22B02935C7C4006BFCD5 /* AppStoreAppsView.swift */,
				E48F22B22935C7D8006BFCD5 /* AppStoreGamesView.swift */,
				E48F22B42935C7F2006BFCD5 /* AppStoreTodayView.swift */,
			);
			path = View;
			sourceTree = "<group>";
		};
		E48F22952935C5AE006BFCD5 /* Utilities */ = {
			isa = PBXGroup;
			children = (
				E48F22962935C5BC006BFCD5 /* DateUtilities.swift */,
			);
			path = Utilities;
			sourceTree = "<group>";
		};
		E48F22982935C5E0006BFCD5 /* Components */ = {
			isa = PBXGroup;
			children = (
				E48F22992935C5E9006BFCD5 /* IconButton.swift */,
				E48F229B2935C62D006BFCD5 /* SubTitleView.swift */,
				E48F229D2935C674006BFCD5 /* DiscoverView.swift */,
				E48F229F2935C6A7006BFCD5 /* AppItemCard.swift */,
				E48F22A12935C6C9006BFCD5 /* AppListView.swift */,
				E48F22AE2935C79E006BFCD5 /* AppStoreHeaderView.swift */,
			);
			path = Components;
			sourceTree = "<group>";
		};
		E48F22A32935C6EA006BFCD5 /* Search */ = {
			isa = PBXGroup;
			children = (
				E48F22A42935C6F9006BFCD5 /* SearchNavigationView.swift */,
				E48F22A62935C716006BFCD5 /* AppStoreSearchView.swift */,
			);
			path = Search;
			sourceTree = "<group>";
		};
/* End PBXGroup section */

/* Begin PBXNativeTarget section */
		E48F227F2935C494006BFCD5 /* AppStoreAnimations */ = {
			isa = PBXNativeTarget;
			buildConfigurationList = E48F228E2935C495006BFCD5 /* Build configuration list for PBXNativeTarget "AppStoreAnimations" */;
			buildPhases = (
				E48F227C2935C494006BFCD5 /* Sources */,
				E48F227D2935C494006BFCD5 /* Frameworks */,
				E48F227E2935C494006BFCD5 /* Resources */,
			);
			buildRules = (
			);
			dependencies = (
			);
			name = AppStoreAnimations;
			productName = AppStoreAnimations;
			productReference = E48F22802935C494006BFCD5 /* AppStoreAnimations.app */;
			productType = "com.apple.product-type.application";
		};
/* End PBXNativeTarget section */

/* Begin PBXProject section */
		E48F22782935C494006BFCD5 /* Project object */ = {
			isa = PBXProject;
			attributes = {
				BuildIndependentTargetsInParallel = 1;
				LastSwiftUpdateCheck = 1410;
				LastUpgradeCheck = 1410;
				TargetAttributes = {
					E48F227F2935C494006BFCD5 = {
						CreatedOnToolsVersion = 14.1;
					};
				};
			};
			buildConfigurationList = E48F227B2935C494006BFCD5 /* Build configuration list for PBXProject "AppStoreAnimations" */;
			compatibilityVersion = "Xcode 14.0";
			developmentRegion = en;
			hasScannedForEncodings = 0;
			knownRegions = (
				en,
				Base,
			);
			mainGroup = E48F22772935C494006BFCD5;
			productRefGroup = E48F22812935C494006BFCD5 /* Products */;
			projectDirPath = "";
			projectRoot = "";
			targets = (
				E48F227F2935C494006BFCD5 /* AppStoreAnimations */,
			);
		};
/* End PBXProject section */

/* Begin PBXResourcesBuildPhase section */
		E48F227E2935C494006BFCD5 /* Resources */ = {
			isa = PBXResourcesBuildPhase;
			buildActionMask = 2147483647;
			files = (
				E48F228B2935C495006BFCD5 /* Preview Assets.xcassets in Resources */,
				E48F22882935C495006BFCD5 /* Assets.xcassets in Resources */,
			);
			runOnlyForDeploymentPostprocessing = 0;
		};
/* End PBXResourcesBuildPhase section */

/* Begin PBXSourcesBuildPhase section */
		E48F227C2935C494006BFCD5 /* Sources */ = {
			isa = PBXSourcesBuildPhase;
			buildActionMask = 2147483647;
			files = (
				E48F22A72935C716006BFCD5 /* AppStoreSearchView.swift in Sources */,
				E48F22A52935C6F9006BFCD5 /* SearchNavigationView.swift in Sources */,
				E48F22972935C5BC006BFCD5 /* DateUtilities.swift in Sources */,
				E48F22A92935C764006BFCD5 /* AppStoreHomeView.swift in Sources */,
				E48F22932935C53B006BFCD5 /* AppItem.swift in Sources */,
				E48F22AB2935C776006BFCD5 /* AppStoreArcadeView.swift in Sources */,
				E48F22B12935C7C4006BFCD5 /* AppStoreAppsView.swift in Sources */,
				E48F22A22935C6C9006BFCD5 /* AppListView.swift in Sources */,
				E48F22B52935C7F2006BFCD5 /* AppStoreTodayView.swift in Sources */,
				E48F22B32935C7D8006BFCD5 /* AppStoreGamesView.swift in Sources */,
				E48F229C2935C62D006BFCD5 /* SubTitleView.swift in Sources */,
				E48F22862935C494006BFCD5 /* ContentView.swift in Sources */,
				E48F22AF2935C79E006BFCD5 /* AppStoreHeaderView.swift in Sources */,
				E48F229E2935C674006BFCD5 /* DiscoverView.swift in Sources */,
				E48F229A2935C5E9006BFCD5 /* IconButton.swift in Sources */,
				E48F22A02935C6A7006BFCD5 /* AppItemCard.swift in Sources */,
				E48F22842935C494006BFCD5 /* AppStoreAnimationsApp.swift in Sources */,
			);
			runOnlyForDeploymentPostprocessing = 0;
		};
/* End PBXSourcesBuildPhase section */

/* Begin XCBuildConfiguration section */
		E48F228C2935C495006BFCD5 /* Debug */ = {
			isa = XCBuildConfiguration;
			buildSettings = {
				ALWAYS_SEARCH_USER_PATHS = NO;
				CLANG_ANALYZER_NONNULL = YES;
				CLANG_ANALYZER_NUMBER_OBJECT_CONVERSION = YES_AGGRESSIVE;
				CLANG_CXX_LANGUAGE_STANDARD = "gnu++20";
				CLANG_ENABLE_MODULES = YES;
				CLANG_ENABLE_OBJC_ARC = YES;
				CLANG_ENABLE_OBJC_WEAK = YES;
				CLANG_WARN_BLOCK_CAPTURE_AUTORELEASING = YES;
				CLANG_WARN_BOOL_CONVERSION = YES;
				CLANG_WARN_COMMA = YES;
				CLANG_WARN_CONSTANT_CONVERSION = YES;
				CLANG_WARN_DEPRECATED_OBJC_IMPLEMENTATIONS = YES;
				CLANG_WARN_DIRECT_OBJC_ISA_USAGE = YES_ERROR;
				CLANG_WARN_DOCUMENTATION_COMMENTS = YES;
				CLANG_WARN_EMPTY_BODY = YES;
				CLANG_WARN_ENUM_CONVERSION = YES;
				CLANG_WARN_INFINITE_RECURSION = YES;
				CLANG_WARN_INT_CONVERSION = YES;
				CLANG_WARN_NON_LITERAL_NULL_CONVERSION = YES;
				CLANG_WARN_OBJC_IMPLICIT_RETAIN_SELF = YES;
				CLANG_WARN_OBJC_LITERAL_CONVERSION = YES;
				CLANG_WARN_OBJC_ROOT_CLASS = YES_ERROR;
				CLANG_WARN_QUOTED_INCLUDE_IN_FRAMEWORK_HEADER = YES;
				CLANG_WARN_RANGE_LOOP_ANALYSIS = YES;
				CLANG_WARN_STRICT_PROTOTYPES = YES;
				CLANG_WARN_SUSPICIOUS_MOVE = YES;
				CLANG_WARN_UNGUARDED_AVAILABILITY = YES_AGGRESSIVE;
				CLANG_WARN_UNREACHABLE_CODE = YES;
				CLANG_WARN__DUPLICATE_METHOD_MATCH = YES;
				COPY_PHASE_STRIP = NO;
				DEBUG_INFORMATION_FORMAT = dwarf;
				ENABLE_STRICT_OBJC_MSGSEND = YES;
				ENABLE_TESTABILITY = YES;
				GCC_C_LANGUAGE_STANDARD = gnu11;
				GCC_DYNAMIC_NO_PIC = NO;
				GCC_NO_COMMON_BLOCKS = YES;
				GCC_OPTIMIZATION_LEVEL = 0;
				GCC_PREPROCESSOR_DEFINITIONS = (
					"DEBUG=1",
					"$(inherited)",
				);
				GCC_WARN_64_TO_32_BIT_CONVERSION = YES;
				GCC_WARN_ABOUT_RETURN_TYPE = YES_ERROR;
				GCC_WARN_UNDECLARED_SELECTOR = YES;
				GCC_WARN_UNINITIALIZED_AUTOS = YES_AGGRESSIVE;
				GCC_WARN_UNUSED_FUNCTION = YES;
				GCC_WARN_UNUSED_VARIABLE = YES;
				IPHONEOS_DEPLOYMENT_TARGET = 16.1;
				MTL_ENABLE_DEBUG_INFO = INCLUDE_SOURCE;
				MTL_FAST_MATH = YES;
				ONLY_ACTIVE_ARCH = YES;
				SDKROOT = iphoneos;
				SWIFT_ACTIVE_COMPILATION_CONDITIONS = DEBUG;
				SWIFT_OPTIMIZATION_LEVEL = "-Onone";
			};
			name = Debug;
		};
		E48F228D2935C495006BFCD5 /* Release */ = {
			isa = XCBuildConfiguration;
			buildSettings = {
				ALWAYS_SEARCH_USER_PATHS = NO;
				CLANG_ANALYZER_NONNULL = YES;
				CLANG_ANALYZER_NUMBER_OBJECT_CONVERSION = YES_AGGRESSIVE;
				CLANG_CXX_LANGUAGE_STANDARD = "gnu++20";
				CLANG_ENABLE_MODULES = YES;
				CLANG_ENABLE_OBJC_ARC = YES;
				CLANG_ENABLE_OBJC_WEAK = YES;
				CLANG_WARN_BLOCK_CAPTURE_AUTORELEASING = YES;
				CLANG_WARN_BOOL_CONVERSION = YES;
				CLANG_WARN_COMMA = YES;
				CLANG_WARN_CONSTANT_CONVERSION = YES;
				CLANG_WARN_DEPRECATED_OBJC_IMPLEMENTATIONS = YES;
				CLANG_WARN_DIRECT_OBJC_ISA_USAGE = YES_ERROR;
				CLANG_WARN_DOCUMENTATION_COMMENTS = YES;
				CLANG_WARN_EMPTY_BODY = YES;
				CLANG_WARN_ENUM_CONVERSION = YES;
				CLANG_WARN_INFINITE_RECURSION = YES;
				CLANG_WARN_INT_CONVERSION = YES;
				CLANG_WARN_NON_LITERAL_NULL_CONVERSION = YES;
				CLANG_WARN_OBJC_IMPLICIT_RETAIN_SELF = YES;
				CLANG_WARN_OBJC_LITERAL_CONVERSION = YES;
				CLANG_WARN_OBJC_ROOT_CLASS = YES_ERROR;
				CLANG_WARN_QUOTED_INCLUDE_IN_FRAMEWORK_HEADER = YES;
				CLANG_WARN_RANGE_LOOP_ANALYSIS = YES;
				CLANG_WARN_STRICT_PROTOTYPES = YES;
				CLANG_WARN_SUSPICIOUS_MOVE = YES;
				CLANG_WARN_UNGUARDED_AVAILABILITY = YES_AGGRESSIVE;
				CLANG_WARN_UNREACHABLE_CODE = YES;
				CLANG_WARN__DUPLICATE_METHOD_MATCH = YES;
				COPY_PHASE_STRIP = NO;
				DEBUG_INFORMATION_FORMAT = "dwarf-with-dsym";
				ENABLE_NS_ASSERTIONS = NO;
				ENABLE_STRICT_OBJC_MSGSEND = YES;
				GCC_C_LANGUAGE_STANDARD = gnu11;
				GCC_NO_COMMON_BLOCKS = YES;
				GCC_WARN_64_TO_32_BIT_CONVERSION = YES;
				GCC_WARN_ABOUT_RETURN_TYPE = YES_ERROR;
				GCC_WARN_UNDECLARED_SELECTOR = YES;
				GCC_WARN_UNINITIALIZED_AUTOS = YES_AGGRESSIVE;
				GCC_WARN_UNUSED_FUNCTION = YES;
				GCC_WARN_UNUSED_VARIABLE = YES;
				IPHONEOS_DEPLOYMENT_TARGET = 16.1;
				MTL_ENABLE_DEBUG_INFO = NO;
				MTL_FAST_MATH = YES;
				SDKROOT = iphoneos;
				SWIFT_COMPILATION_MODE = wholemodule;
				SWIFT_OPTIMIZATION_LEVEL = "-O";
				VALIDATE_PRODUCT = YES;
			};
			name = Release;
		};
		E48F228F2935C495006BFCD5 /* Debug */ = {
			isa = XCBuildConfiguration;
			buildSettings = {
				ASSETCATALOG_COMPILER_APPICON_NAME = AppIcon;
				ASSETCATALOG_COMPILER_GLOBAL_ACCENT_COLOR_NAME = AccentColor;
				CODE_SIGN_STYLE = Automatic;
				CURRENT_PROJECT_VERSION = 1;
				DEVELOPMENT_ASSET_PATHS = "\"AppStoreAnimations/Preview Content\"";
				DEVELOPMENT_TEAM = BQH36CFX55;
				ENABLE_PREVIEWS = YES;
				GENERATE_INFOPLIST_FILE = YES;
				INFOPLIST_KEY_UIApplicationSceneManifest_Generation = YES;
				INFOPLIST_KEY_UIApplicationSupportsIndirectInputEvents = YES;
				INFOPLIST_KEY_UILaunchScreen_Generation = YES;
				INFOPLIST_KEY_UISupportedInterfaceOrientations_iPad = "UIInterfaceOrientationPortrait UIInterfaceOrientationPortraitUpsideDown UIInterfaceOrientationLandscapeLeft UIInterfaceOrientationLandscapeRight";
				INFOPLIST_KEY_UISupportedInterfaceOrientations_iPhone = "UIInterfaceOrientationPortrait UIInterfaceOrientationLandscapeLeft UIInterfaceOrientationLandscapeRight";
				LD_RUNPATH_SEARCH_PATHS = (
					"$(inherited)",
					"@executable_path/Frameworks",
				);
				MARKETING_VERSION = 1.0;
				PRODUCT_BUNDLE_IDENTIFIER = com.hexcreators.AppStoreAnimations;
				PRODUCT_NAME = "$(TARGET_NAME)";
				SWIFT_EMIT_LOC_STRINGS = YES;
				SWIFT_VERSION = 5.0;
				TARGETED_DEVICE_FAMILY = "1,2";
			};
			name = Debug;
		};
		E48F22902935C495006BFCD5 /* Release */ = {
			isa = XCBuildConfiguration;
			buildSettings = {
				ASSETCATALOG_COMPILER_APPICON_NAME = AppIcon;
				ASSETCATALOG_COMPILER_GLOBAL_ACCENT_COLOR_NAME = AccentColor;
				CODE_SIGN_STYLE = Automatic;
				CURRENT_PROJECT_VERSION = 1;
				DEVELOPMENT_ASSET_PATHS = "\"AppStoreAnimations/Preview Content\"";
				DEVELOPMENT_TEAM = BQH36CFX55;
				ENABLE_PREVIEWS = YES;
				GENERATE_INFOPLIST_FILE = YES;
				INFOPLIST_KEY_UIApplicationSceneManifest_Generation = YES;
				INFOPLIST_KEY_UIApplicationSupportsIndirectInputEvents = YES;
				INFOPLIST_KEY_UILaunchScreen_Generation = YES;
				INFOPLIST_KEY_UISupportedInterfaceOrientations_iPad = "UIInterfaceOrientationPortrait UIInterfaceOrientationPortraitUpsideDown UIInterfaceOrientationLandscapeLeft UIInterfaceOrientationLandscapeRight";
				INFOPLIST_KEY_UISupportedInterfaceOrientations_iPhone = "UIInterfaceOrientationPortrait UIInterfaceOrientationLandscapeLeft UIInterfaceOrientationLandscapeRight";
				LD_RUNPATH_SEARCH_PATHS = (
					"$(inherited)",
					"@executable_path/Frameworks",
				);
				MARKETING_VERSION = 1.0;
				PRODUCT_BUNDLE_IDENTIFIER = com.hexcreators.AppStoreAnimations;
				PRODUCT_NAME = "$(TARGET_NAME)";
				SWIFT_EMIT_LOC_STRINGS = YES;
				SWIFT_VERSION = 5.0;
				TARGETED_DEVICE_FAMILY = "1,2";
			};
			name = Release;
		};
/* End XCBuildConfiguration section */

/* Begin XCConfigurationList section */
		E48F227B2935C494006BFCD5 /* Build configuration list for PBXProject "AppStoreAnimations" */ = {
			isa = XCConfigurationList;
			buildConfigurations = (
				E48F228C2935C495006BFCD5 /* Debug */,
				E48F228D2935C495006BFCD5 /* Release */,
			);
			defaultConfigurationIsVisible = 0;
			defaultConfigurationName = Release;
		};
		E48F228E2935C495006BFCD5 /* Build configuration list for PBXNativeTarget "AppStoreAnimations" */ = {
			isa = XCConfigurationList;
			buildConfigurations = (
				E48F228F2935C495006BFCD5 /* Debug */,
				E48F22902935C495006BFCD5 /* Release */,
			);
			defaultConfigurationIsVisible = 0;
			defaultConfigurationName = Release;
		};
/* End XCConfigurationList section */
	};
	rootObject = E48F22782935C494006BFCD5 /* Project object */;
}
