// !$*UTF8*$!
{
	archiveVersion = 1;
	classes = {
	};
	objectVersion = 55;
	objects = {

/* Begin PBXBuildFile section */
		E4AC9ED6282E9C2F00BEDA30 /* STCLearningApp.swift in Sources */ = {isa = PBXBuildFile; fileRef = E4AC9ED5282E9C2F00BEDA30 /* STCLearningApp.swift */; };
		E4AC9ED8282E9C2F00BEDA30 /* ContentView.swift in Sources */ = {isa = PBXBuildFile; fileRef = E4AC9ED7282E9C2F00BEDA30 /* ContentView.swift */; };
		E4AC9EDA282E9C3000BEDA30 /* Assets.xcassets in Resources */ = {isa = PBXBuildFile; fileRef = E4AC9ED9282E9C3000BEDA30 /* Assets.xcassets */; };
		E4AC9EDD282E9C3000BEDA30 /* Preview Assets.xcassets in Resources */ = {isa = PBXBuildFile; fileRef = E4AC9EDC282E9C3000BEDA30 /* Preview Assets.xcassets */; };
		E4AC9EE4282E9C8D00BEDA30 /* LongPressGestureBootcamp.swift in Sources */ = {isa = PBXBuildFile; fileRef = E4AC9EE3282E9C8D00BEDA30 /* LongPressGestureBootcamp.swift */; };
		E4AC9EE6282F6F4F00BEDA30 /* MagnificationBootcamp.swift in Sources */ = {isa = PBXBuildFile; fileRef = E4AC9EE5282F6F4F00BEDA30 /* MagnificationBootcamp.swift */; };
		E4AC9EE8282FCE9400BEDA30 /* RotationGestureBootcamp.swift in Sources */ = {isa = PBXBuildFile; fileRef = E4AC9EE7282FCE9400BEDA30 /* RotationGestureBootcamp.swift */; };
		E4AC9EEA282FD0F900BEDA30 /* DragGestureBootcamp.swift in Sources */ = {isa = PBXBuildFile; fileRef = E4AC9EE9282FD0F900BEDA30 /* DragGestureBootcamp.swift */; };
		E4AC9EEC282FD25200BEDA30 /* MainScreen.swift in Sources */ = {isa = PBXBuildFile; fileRef = E4AC9EEB282FD25200BEDA30 /* MainScreen.swift */; };
		E4AC9EEE282FD9FC00BEDA30 /* DragGestureBootcamp2.swift in Sources */ = {isa = PBXBuildFile; fileRef = E4AC9EED282FD9FC00BEDA30 /* DragGestureBootcamp2.swift */; };
/* End PBXBuildFile section */

/* Begin PBXFileReference section */
		E4AC9ED2282E9C2F00BEDA30 /* STCLearning.app */ = {isa = PBXFileReference; explicitFileType = wrapper.application; includeInIndex = 0; path = STCLearning.app; sourceTree = BUILT_PRODUCTS_DIR; };
		E4AC9ED5282E9C2F00BEDA30 /* STCLearningApp.swift */ = {isa = PBXFileReference; lastKnownFileType = sourcecode.swift; path = STCLearningApp.swift; sourceTree = "<group>"; };
		E4AC9ED7282E9C2F00BEDA30 /* ContentView.swift */ = {isa = PBXFileReference; lastKnownFileType = sourcecode.swift; path = ContentView.swift; sourceTree = "<group>"; };
		E4AC9ED9282E9C3000BEDA30 /* Assets.xcassets */ = {isa = PBXFileReference; lastKnownFileType = folder.assetcatalog; path = Assets.xcassets; sourceTree = "<group>"; };
		E4AC9EDC282E9C3000BEDA30 /* Preview Assets.xcassets */ = {isa = PBXFileReference; lastKnownFileType = folder.assetcatalog; path = "Preview Assets.xcassets"; sourceTree = "<group>"; };
		E4AC9EE3282E9C8D00BEDA30 /* LongPressGestureBootcamp.swift */ = {isa = PBXFileReference; lastKnownFileType = sourcecode.swift; path = LongPressGestureBootcamp.swift; sourceTree = "<group>"; };
		E4AC9EE5282F6F4F00BEDA30 /* MagnificationBootcamp.swift */ = {isa = PBXFileReference; lastKnownFileType = sourcecode.swift; path = MagnificationBootcamp.swift; sourceTree = "<group>"; };
		E4AC9EE7282FCE9400BEDA30 /* RotationGestureBootcamp.swift */ = {isa = PBXFileReference; lastKnownFileType = sourcecode.swift; path = RotationGestureBootcamp.swift; sourceTree = "<group>"; };
		E4AC9EE9282FD0F900BEDA30 /* DragGestureBootcamp.swift */ = {isa = PBXFileReference; lastKnownFileType = sourcecode.swift; path = DragGestureBootcamp.swift; sourceTree = "<group>"; };
		E4AC9EEB282FD25200BEDA30 /* MainScreen.swift */ = {isa = PBXFileReference; lastKnownFileType = sourcecode.swift; path = MainScreen.swift; sourceTree = "<group>"; };
		E4AC9EED282FD9FC00BEDA30 /* DragGestureBootcamp2.swift */ = {isa = PBXFileReference; lastKnownFileType = sourcecode.swift; path = DragGestureBootcamp2.swift; sourceTree = "<group>"; };
/* End PBXFileReference section */

/* Begin PBXFrameworksBuildPhase section */
		E4AC9ECF282E9C2F00BEDA30 /* Frameworks */ = {
			isa = PBXFrameworksBuildPhase;
			buildActionMask = 2147483647;
			files = (
			);
			runOnlyForDeploymentPostprocessing = 0;
		};
/* End PBXFrameworksBuildPhase section */

/* Begin PBXGroup section */
		E4AC9EC9282E9C2F00BEDA30 = {
			isa = PBXGroup;
			children = (
				E4AC9ED4282E9C2F00BEDA30 /* STCLearning */,
				E4AC9ED3282E9C2F00BEDA30 /* Products */,
			);
			sourceTree = "<group>";
		};
		E4AC9ED3282E9C2F00BEDA30 /* Products */ = {
			isa = PBXGroup;
			children = (
				E4AC9ED2282E9C2F00BEDA30 /* STCLearning.app */,
			);
			name = Products;
			sourceTree = "<group>";
		};
		E4AC9ED4282E9C2F00BEDA30 /* STCLearning */ = {
			isa = PBXGroup;
			children = (
				E4AC9ED5282E9C2F00BEDA30 /* STCLearningApp.swift */,
				E4AC9ED7282E9C2F00BEDA30 /* ContentView.swift */,
				E4AC9EE3282E9C8D00BEDA30 /* LongPressGestureBootcamp.swift */,
				E4AC9EE5282F6F4F00BEDA30 /* MagnificationBootcamp.swift */,
				E4AC9EE7282FCE9400BEDA30 /* RotationGestureBootcamp.swift */,
				E4AC9EE9282FD0F900BEDA30 /* DragGestureBootcamp.swift */,
				E4AC9EED282FD9FC00BEDA30 /* DragGestureBootcamp2.swift */,
				E4AC9EEB282FD25200BEDA30 /* MainScreen.swift */,
				E4AC9ED9282E9C3000BEDA30 /* Assets.xcassets */,
				E4AC9EDB282E9C3000BEDA30 /* Preview Content */,
			);
			path = STCLearning;
			sourceTree = "<group>";
		};
		E4AC9EDB282E9C3000BEDA30 /* Preview Content */ = {
			isa = PBXGroup;
			children = (
				E4AC9EDC282E9C3000BEDA30 /* Preview Assets.xcassets */,
			);
			path = "Preview Content";
			sourceTree = "<group>";
		};
/* End PBXGroup section */

/* Begin PBXNativeTarget section */
		E4AC9ED1282E9C2F00BEDA30 /* STCLearning */ = {
			isa = PBXNativeTarget;
			buildConfigurationList = E4AC9EE0282E9C3000BEDA30 /* Build configuration list for PBXNativeTarget "STCLearning" */;
			buildPhases = (
				E4AC9ECE282E9C2F00BEDA30 /* Sources */,
				E4AC9ECF282E9C2F00BEDA30 /* Frameworks */,
				E4AC9ED0282E9C2F00BEDA30 /* Resources */,
			);
			buildRules = (
			);
			dependencies = (
			);
			name = STCLearning;
			productName = STCLearning;
			productReference = E4AC9ED2282E9C2F00BEDA30 /* STCLearning.app */;
			productType = "com.apple.product-type.application";
		};
/* End PBXNativeTarget section */

/* Begin PBXProject section */
		E4AC9ECA282E9C2F00BEDA30 /* Project object */ = {
			isa = PBXProject;
			attributes = {
				BuildIndependentTargetsInParallel = 1;
				LastSwiftUpdateCheck = 1330;
				LastUpgradeCheck = 1330;
				TargetAttributes = {
					E4AC9ED1282E9C2F00BEDA30 = {
						CreatedOnToolsVersion = 13.3.1;
					};
				};
			};
			buildConfigurationList = E4AC9ECD282E9C2F00BEDA30 /* Build configuration list for PBXProject "STCLearning" */;
			compatibilityVersion = "Xcode 13.0";
			developmentRegion = en;
			hasScannedForEncodings = 0;
			knownRegions = (
				en,
				Base,
			);
			mainGroup = E4AC9EC9282E9C2F00BEDA30;
			productRefGroup = E4AC9ED3282E9C2F00BEDA30 /* Products */;
			projectDirPath = "";
			projectRoot = "";
			targets = (
				E4AC9ED1282E9C2F00BEDA30 /* STCLearning */,
			);
		};
/* End PBXProject section */

/* Begin PBXResourcesBuildPhase section */
		E4AC9ED0282E9C2F00BEDA30 /* Resources */ = {
			isa = PBXResourcesBuildPhase;
			buildActionMask = 2147483647;
			files = (
				E4AC9EDD282E9C3000BEDA30 /* Preview Assets.xcassets in Resources */,
				E4AC9EDA282E9C3000BEDA30 /* Assets.xcassets in Resources */,
			);
			runOnlyForDeploymentPostprocessing = 0;
		};
/* End PBXResourcesBuildPhase section */

/* Begin PBXSourcesBuildPhase section */
		E4AC9ECE282E9C2F00BEDA30 /* Sources */ = {
			isa = PBXSourcesBuildPhase;
			buildActionMask = 2147483647;
			files = (
				E4AC9EEA282FD0F900BEDA30 /* DragGestureBootcamp.swift in Sources */,
				E4AC9EEE282FD9FC00BEDA30 /* DragGestureBootcamp2.swift in Sources */,
				E4AC9EEC282FD25200BEDA30 /* MainScreen.swift in Sources */,
				E4AC9EE6282F6F4F00BEDA30 /* MagnificationBootcamp.swift in Sources */,
				E4AC9ED8282E9C2F00BEDA30 /* ContentView.swift in Sources */,
				E4AC9ED6282E9C2F00BEDA30 /* STCLearningApp.swift in Sources */,
				E4AC9EE4282E9C8D00BEDA30 /* LongPressGestureBootcamp.swift in Sources */,
				E4AC9EE8282FCE9400BEDA30 /* RotationGestureBootcamp.swift in Sources */,
			);
			runOnlyForDeploymentPostprocessing = 0;
		};
/* End PBXSourcesBuildPhase section */

/* Begin XCBuildConfiguration section */
		E4AC9EDE282E9C3000BEDA30 /* Debug */ = {
			isa = XCBuildConfiguration;
			buildSettings = {
				ALWAYS_SEARCH_USER_PATHS = NO;
				CLANG_ANALYZER_NONNULL = YES;
				CLANG_ANALYZER_NUMBER_OBJECT_CONVERSION = YES_AGGRESSIVE;
				CLANG_CXX_LANGUAGE_STANDARD = "gnu++17";
				CLANG_ENABLE_MODULES = YES;
				CLANG_ENABLE_OBJC_ARC = YES;
				CLANG_ENABLE_OBJC_WEAK = YES;
				CLANG_WARN_BLOCK_CAPTURE_AUTORELEASING = YES;
				CLANG_WARN_BOOL_CONVERSION = YES;
				CLANG_WARN_COMMA = YES;
				CLANG_WARN_CONSTANT_CONVERSION = YES;
				CLANG_WARN_DEPRECATED_OBJC_IMPLEMENTATIONS = YES;
				CLANG_WARN_DIRECT_OBJC_ISA_USAGE = YES_ERROR;
				CLANG_WARN_DOCUMENTATION_COMMENTS = YES;
				CLANG_WARN_EMPTY_BODY = YES;
				CLANG_WARN_ENUM_CONVERSION = YES;
				CLANG_WARN_INFINITE_RECURSION = YES;
				CLANG_WARN_INT_CONVERSION = YES;
				CLANG_WARN_NON_LITERAL_NULL_CONVERSION = YES;
				CLANG_WARN_OBJC_IMPLICIT_RETAIN_SELF = YES;
				CLANG_WARN_OBJC_LITERAL_CONVERSION = YES;
				CLANG_WARN_OBJC_ROOT_CLASS = YES_ERROR;
				CLANG_WARN_QUOTED_INCLUDE_IN_FRAMEWORK_HEADER = YES;
				CLANG_WARN_RANGE_LOOP_ANALYSIS = YES;
				CLANG_WARN_STRICT_PROTOTYPES = YES;
				CLANG_WARN_SUSPICIOUS_MOVE = YES;
				CLANG_WARN_UNGUARDED_AVAILABILITY = YES_AGGRESSIVE;
				CLANG_WARN_UNREACHABLE_CODE = YES;
				CLANG_WARN__DUPLICATE_METHOD_MATCH = YES;
				COPY_PHASE_STRIP = NO;
				DEBUG_INFORMATION_FORMAT = dwarf;
				ENABLE_STRICT_OBJC_MSGSEND = YES;
				ENABLE_TESTABILITY = YES;
				GCC_C_LANGUAGE_STANDARD = gnu11;
				GCC_DYNAMIC_NO_PIC = NO;
				GCC_NO_COMMON_BLOCKS = YES;
				GCC_OPTIMIZATION_LEVEL = 0;
				GCC_PREPROCESSOR_DEFINITIONS = (
					"DEBUG=1",
					"$(inherited)",
				);
				GCC_WARN_64_TO_32_BIT_CONVERSION = YES;
				GCC_WARN_ABOUT_RETURN_TYPE = YES_ERROR;
				GCC_WARN_UNDECLARED_SELECTOR = YES;
				GCC_WARN_UNINITIALIZED_AUTOS = YES_AGGRESSIVE;
				GCC_WARN_UNUSED_FUNCTION = YES;
				GCC_WARN_UNUSED_VARIABLE = YES;
				IPHONEOS_DEPLOYMENT_TARGET = 15.4;
				MTL_ENABLE_DEBUG_INFO = INCLUDE_SOURCE;
				MTL_FAST_MATH = YES;
				ONLY_ACTIVE_ARCH = YES;
				SDKROOT = iphoneos;
				SWIFT_ACTIVE_COMPILATION_CONDITIONS = DEBUG;
				SWIFT_OPTIMIZATION_LEVEL = "-Onone";
			};
			name = Debug;
		};
		E4AC9EDF282E9C3000BEDA30 /* Release */ = {
			isa = XCBuildConfiguration;
			buildSettings = {
				ALWAYS_SEARCH_USER_PATHS = NO;
				CLANG_ANALYZER_NONNULL = YES;
				CLANG_ANALYZER_NUMBER_OBJECT_CONVERSION = YES_AGGRESSIVE;
				CLANG_CXX_LANGUAGE_STANDARD = "gnu++17";
				CLANG_ENABLE_MODULES = YES;
				CLANG_ENABLE_OBJC_ARC = YES;
				CLANG_ENABLE_OBJC_WEAK = YES;
				CLANG_WARN_BLOCK_CAPTURE_AUTORELEASING = YES;
				CLANG_WARN_BOOL_CONVERSION = YES;
				CLANG_WARN_COMMA = YES;
				CLANG_WARN_CONSTANT_CONVERSION = YES;
				CLANG_WARN_DEPRECATED_OBJC_IMPLEMENTATIONS = YES;
				CLANG_WARN_DIRECT_OBJC_ISA_USAGE = YES_ERROR;
				CLANG_WARN_DOCUMENTATION_COMMENTS = YES;
				CLANG_WARN_EMPTY_BODY = YES;
				CLANG_WARN_ENUM_CONVERSION = YES;
				CLANG_WARN_INFINITE_RECURSION = YES;
				CLANG_WARN_INT_CONVERSION = YES;
				CLANG_WARN_NON_LITERAL_NULL_CONVERSION = YES;
				CLANG_WARN_OBJC_IMPLICIT_RETAIN_SELF = YES;
				CLANG_WARN_OBJC_LITERAL_CONVERSION = YES;
				CLANG_WARN_OBJC_ROOT_CLASS = YES_ERROR;
				CLANG_WARN_QUOTED_INCLUDE_IN_FRAMEWORK_HEADER = YES;
				CLANG_WARN_RANGE_LOOP_ANALYSIS = YES;
				CLANG_WARN_STRICT_PROTOTYPES = YES;
				CLANG_WARN_SUSPICIOUS_MOVE = YES;
				CLANG_WARN_UNGUARDED_AVAILABILITY = YES_AGGRESSIVE;
				CLANG_WARN_UNREACHABLE_CODE = YES;
				CLANG_WARN__DUPLICATE_METHOD_MATCH = YES;
				COPY_PHASE_STRIP = NO;
				DEBUG_INFORMATION_FORMAT = "dwarf-with-dsym";
				ENABLE_NS_ASSERTIONS = NO;
				ENABLE_STRICT_OBJC_MSGSEND = YES;
				GCC_C_LANGUAGE_STANDARD = gnu11;
				GCC_NO_COMMON_BLOCKS = YES;
				GCC_WARN_64_TO_32_BIT_CONVERSION = YES;
				GCC_WARN_ABOUT_RETURN_TYPE = YES_ERROR;
				GCC_WARN_UNDECLARED_SELECTOR = YES;
				GCC_WARN_UNINITIALIZED_AUTOS = YES_AGGRESSIVE;
				GCC_WARN_UNUSED_FUNCTION = YES;
				GCC_WARN_UNUSED_VARIABLE = YES;
				IPHONEOS_DEPLOYMENT_TARGET = 15.4;
				MTL_ENABLE_DEBUG_INFO = NO;
				MTL_FAST_MATH = YES;
				SDKROOT = iphoneos;
				SWIFT_COMPILATION_MODE = wholemodule;
				SWIFT_OPTIMIZATION_LEVEL = "-O";
				VALIDATE_PRODUCT = YES;
			};
			name = Release;
		};
		E4AC9EE1282E9C3000BEDA30 /* Debug */ = {
			isa = XCBuildConfiguration;
			buildSettings = {
				ASSETCATALOG_COMPILER_APPICON_NAME = AppIcon;
				ASSETCATALOG_COMPILER_GLOBAL_ACCENT_COLOR_NAME = AccentColor;
				CODE_SIGN_STYLE = Automatic;
				CURRENT_PROJECT_VERSION = 1;
				DEVELOPMENT_ASSET_PATHS = "\"STCLearning/Preview Content\"";
				DEVELOPMENT_TEAM = BQH36CFX55;
				ENABLE_PREVIEWS = YES;
				GENERATE_INFOPLIST_FILE = YES;
				INFOPLIST_KEY_UIApplicationSceneManifest_Generation = YES;
				INFOPLIST_KEY_UIApplicationSupportsIndirectInputEvents = YES;
				INFOPLIST_KEY_UILaunchScreen_Generation = YES;
				INFOPLIST_KEY_UISupportedInterfaceOrientations_iPad = "UIInterfaceOrientationPortrait UIInterfaceOrientationPortraitUpsideDown UIInterfaceOrientationLandscapeLeft UIInterfaceOrientationLandscapeRight";
				INFOPLIST_KEY_UISupportedInterfaceOrientations_iPhone = "UIInterfaceOrientationPortrait UIInterfaceOrientationLandscapeLeft UIInterfaceOrientationLandscapeRight";
				LD_RUNPATH_SEARCH_PATHS = (
					"$(inherited)",
					"@executable_path/Frameworks",
				);
				MARKETING_VERSION = 1.0;
				PRODUCT_BUNDLE_IDENTIFIER = com.hexcreators.STCLearning;
				PRODUCT_NAME = "$(TARGET_NAME)";
				SWIFT_EMIT_LOC_STRINGS = YES;
				SWIFT_VERSION = 5.0;
				TARGETED_DEVICE_FAMILY = "1,2";
			};
			name = Debug;
		};
		E4AC9EE2282E9C3000BEDA30 /* Release */ = {
			isa = XCBuildConfiguration;
			buildSettings = {
				ASSETCATALOG_COMPILER_APPICON_NAME = AppIcon;
				ASSETCATALOG_COMPILER_GLOBAL_ACCENT_COLOR_NAME = AccentColor;
				CODE_SIGN_STYLE = Automatic;
				CURRENT_PROJECT_VERSION = 1;
				DEVELOPMENT_ASSET_PATHS = "\"STCLearning/Preview Content\"";
				DEVELOPMENT_TEAM = BQH36CFX55;
				ENABLE_PREVIEWS = YES;
				GENERATE_INFOPLIST_FILE = YES;
				INFOPLIST_KEY_UIApplicationSceneManifest_Generation = YES;
				INFOPLIST_KEY_UIApplicationSupportsIndirectInputEvents = YES;
				INFOPLIST_KEY_UILaunchScreen_Generation = YES;
				INFOPLIST_KEY_UISupportedInterfaceOrientations_iPad = "UIInterfaceOrientationPortrait UIInterfaceOrientationPortraitUpsideDown UIInterfaceOrientationLandscapeLeft UIInterfaceOrientationLandscapeRight";
				INFOPLIST_KEY_UISupportedInterfaceOrientations_iPhone = "UIInterfaceOrientationPortrait UIInterfaceOrientationLandscapeLeft UIInterfaceOrientationLandscapeRight";
				LD_RUNPATH_SEARCH_PATHS = (
					"$(inherited)",
					"@executable_path/Frameworks",
				);
				MARKETING_VERSION = 1.0;
				PRODUCT_BUNDLE_IDENTIFIER = com.hexcreators.STCLearning;
				PRODUCT_NAME = "$(TARGET_NAME)";
				SWIFT_EMIT_LOC_STRINGS = YES;
				SWIFT_VERSION = 5.0;
				TARGETED_DEVICE_FAMILY = "1,2";
			};
			name = Release;
		};
/* End XCBuildConfiguration section */

/* Begin XCConfigurationList section */
		E4AC9ECD282E9C2F00BEDA30 /* Build configuration list for PBXProject "STCLearning" */ = {
			isa = XCConfigurationList;
			buildConfigurations = (
				E4AC9EDE282E9C3000BEDA30 /* Debug */,
				E4AC9EDF282E9C3000BEDA30 /* Release */,
			);
			defaultConfigurationIsVisible = 0;
			defaultConfigurationName = Release;
		};
		E4AC9EE0282E9C3000BEDA30 /* Build configuration list for PBXNativeTarget "STCLearning" */ = {
			isa = XCConfigurationList;
			buildConfigurations = (
				E4AC9EE1282E9C3000BEDA30 /* Debug */,
				E4AC9EE2282E9C3000BEDA30 /* Release */,
			);
			defaultConfigurationIsVisible = 0;
			defaultConfigurationName = Release;
		};
/* End XCConfigurationList section */
	};
	rootObject = E4AC9ECA282E9C2F00BEDA30 /* Project object */;
}
