// !$*UTF8*$!
{
	archiveVersion = 1;
	classes = {
	};
	objectVersion = 55;
	objects = {

/* Begin PBXBuildFile section */
		E4AC9E74282D200D00BEDA30 /* TodoListApp.swift in Sources */ = {isa = PBXBuildFile; fileRef = E4AC9E73282D200D00BEDA30 /* TodoListApp.swift */; };
		E4AC9E78282D200E00BEDA30 /* Assets.xcassets in Resources */ = {isa = PBXBuildFile; fileRef = E4AC9E77282D200E00BEDA30 /* Assets.xcassets */; };
		E4AC9E7B282D200E00BEDA30 /* Preview Assets.xcassets in Resources */ = {isa = PBXBuildFile; fileRef = E4AC9E7A282D200E00BEDA30 /* Preview Assets.xcassets */; };
		E4AC9E83282D20B600BEDA30 /* ListView.swift in Sources */ = {isa = PBXBuildFile; fileRef = E4AC9E82282D20B600BEDA30 /* ListView.swift */; };
		E4AC9E85282D21EF00BEDA30 /* ListRowView.swift in Sources */ = {isa = PBXBuildFile; fileRef = E4AC9E84282D21EF00BEDA30 /* ListRowView.swift */; };
		E4AC9E87282D2BE500BEDA30 /* AddView.swift in Sources */ = {isa = PBXBuildFile; fileRef = E4AC9E86282D2BE500BEDA30 /* AddView.swift */; };
		E4AC9E8A282D2EEA00BEDA30 /* ItemModel.swift in Sources */ = {isa = PBXBuildFile; fileRef = E4AC9E89282D2EEA00BEDA30 /* ItemModel.swift */; };
		E4AC9E8D282D33CC00BEDA30 /* ListViewModel.swift in Sources */ = {isa = PBXBuildFile; fileRef = E4AC9E8C282D33CC00BEDA30 /* ListViewModel.swift */; };
		E4AC9E91282D4A7C00BEDA30 /* NoItemsView.swift in Sources */ = {isa = PBXBuildFile; fileRef = E4AC9E90282D4A7C00BEDA30 /* NoItemsView.swift */; };
		E4AC9E93282D72AF00BEDA30 /* LaunchScreen.storyboard in Resources */ = {isa = PBXBuildFile; fileRef = E4AC9E92282D72AF00BEDA30 /* LaunchScreen.storyboard */; };
/* End PBXBuildFile section */

/* Begin PBXFileReference section */
		E4AC9E70282D200D00BEDA30 /* Do things.app */ = {isa = PBXFileReference; explicitFileType = wrapper.application; includeInIndex = 0; path = "Do things.app"; sourceTree = BUILT_PRODUCTS_DIR; };
		E4AC9E73282D200D00BEDA30 /* TodoListApp.swift */ = {isa = PBXFileReference; lastKnownFileType = sourcecode.swift; path = TodoListApp.swift; sourceTree = "<group>"; };
		E4AC9E77282D200E00BEDA30 /* Assets.xcassets */ = {isa = PBXFileReference; lastKnownFileType = folder.assetcatalog; path = Assets.xcassets; sourceTree = "<group>"; };
		E4AC9E7A282D200E00BEDA30 /* Preview Assets.xcassets */ = {isa = PBXFileReference; lastKnownFileType = folder.assetcatalog; path = "Preview Assets.xcassets"; sourceTree = "<group>"; };
		E4AC9E82282D20B600BEDA30 /* ListView.swift */ = {isa = PBXFileReference; lastKnownFileType = sourcecode.swift; path = ListView.swift; sourceTree = "<group>"; };
		E4AC9E84282D21EF00BEDA30 /* ListRowView.swift */ = {isa = PBXFileReference; lastKnownFileType = sourcecode.swift; path = ListRowView.swift; sourceTree = "<group>"; };
		E4AC9E86282D2BE500BEDA30 /* AddView.swift */ = {isa = PBXFileReference; lastKnownFileType = sourcecode.swift; path = AddView.swift; sourceTree = "<group>"; };
		E4AC9E89282D2EEA00BEDA30 /* ItemModel.swift */ = {isa = PBXFileReference; lastKnownFileType = sourcecode.swift; path = ItemModel.swift; sourceTree = "<group>"; };
		E4AC9E8C282D33CC00BEDA30 /* ListViewModel.swift */ = {isa = PBXFileReference; lastKnownFileType = sourcecode.swift; path = ListViewModel.swift; sourceTree = "<group>"; };
		E4AC9E90282D4A7C00BEDA30 /* NoItemsView.swift */ = {isa = PBXFileReference; lastKnownFileType = sourcecode.swift; path = NoItemsView.swift; sourceTree = "<group>"; };
		E4AC9E92282D72AF00BEDA30 /* LaunchScreen.storyboard */ = {isa = PBXFileReference; lastKnownFileType = file.storyboard; path = LaunchScreen.storyboard; sourceTree = "<group>"; };
/* End PBXFileReference section */

/* Begin PBXFrameworksBuildPhase section */
		E4AC9E6D282D200D00BEDA30 /* Frameworks */ = {
			isa = PBXFrameworksBuildPhase;
			buildActionMask = 2147483647;
			files = (
			);
			runOnlyForDeploymentPostprocessing = 0;
		};
/* End PBXFrameworksBuildPhase section */

/* Begin PBXGroup section */
		E4AC9E67282D200D00BEDA30 = {
			isa = PBXGroup;
			children = (
				E4AC9E72282D200D00BEDA30 /* TodoList */,
				E4AC9E71282D200D00BEDA30 /* Products */,
			);
			sourceTree = "<group>";
		};
		E4AC9E71282D200D00BEDA30 /* Products */ = {
			isa = PBXGroup;
			children = (
				E4AC9E70282D200D00BEDA30 /* Do things.app */,
			);
			name = Products;
			sourceTree = "<group>";
		};
		E4AC9E72282D200D00BEDA30 /* TodoList */ = {
			isa = PBXGroup;
			children = (
				E4AC9E88282D2ECF00BEDA30 /* Models */,
				E4AC9E8B282D33AC00BEDA30 /* ViewModels */,
				E4AC9E81282D20AC00BEDA30 /* Views */,
				E4AC9E73282D200D00BEDA30 /* TodoListApp.swift */,
				E4AC9E92282D72AF00BEDA30 /* LaunchScreen.storyboard */,
				E4AC9E77282D200E00BEDA30 /* Assets.xcassets */,
				E4AC9E79282D200E00BEDA30 /* Preview Content */,
			);
			path = TodoList;
			sourceTree = "<group>";
		};
		E4AC9E79282D200E00BEDA30 /* Preview Content */ = {
			isa = PBXGroup;
			children = (
				E4AC9E7A282D200E00BEDA30 /* Preview Assets.xcassets */,
			);
			path = "Preview Content";
			sourceTree = "<group>";
		};
		E4AC9E81282D20AC00BEDA30 /* Views */ = {
			isa = PBXGroup;
			children = (
				E4AC9E82282D20B600BEDA30 /* ListView.swift */,
				E4AC9E90282D4A7C00BEDA30 /* NoItemsView.swift */,
				E4AC9E86282D2BE500BEDA30 /* AddView.swift */,
				E4AC9E84282D21EF00BEDA30 /* ListRowView.swift */,
			);
			path = Views;
			sourceTree = "<group>";
		};
		E4AC9E88282D2ECF00BEDA30 /* Models */ = {
			isa = PBXGroup;
			children = (
				E4AC9E89282D2EEA00BEDA30 /* ItemModel.swift */,
			);
			path = Models;
			sourceTree = "<group>";
		};
		E4AC9E8B282D33AC00BEDA30 /* ViewModels */ = {
			isa = PBXGroup;
			children = (
				E4AC9E8C282D33CC00BEDA30 /* ListViewModel.swift */,
			);
			path = ViewModels;
			sourceTree = "<group>";
		};
/* End PBXGroup section */

/* Begin PBXNativeTarget section */
		E4AC9E6F282D200D00BEDA30 /* TodoList */ = {
			isa = PBXNativeTarget;
			buildConfigurationList = E4AC9E7E282D200E00BEDA30 /* Build configuration list for PBXNativeTarget "TodoList" */;
			buildPhases = (
				E4AC9E6C282D200D00BEDA30 /* Sources */,
				E4AC9E6D282D200D00BEDA30 /* Frameworks */,
				E4AC9E6E282D200D00BEDA30 /* Resources */,
			);
			buildRules = (
			);
			dependencies = (
			);
			name = TodoList;
			productName = TodoList;
			productReference = E4AC9E70282D200D00BEDA30 /* Do things.app */;
			productType = "com.apple.product-type.application";
		};
/* End PBXNativeTarget section */

/* Begin PBXProject section */
		E4AC9E68282D200D00BEDA30 /* Project object */ = {
			isa = PBXProject;
			attributes = {
				BuildIndependentTargetsInParallel = 1;
				LastSwiftUpdateCheck = 1330;
				LastUpgradeCheck = 1330;
				TargetAttributes = {
					E4AC9E6F282D200D00BEDA30 = {
						CreatedOnToolsVersion = 13.3.1;
					};
				};
			};
			buildConfigurationList = E4AC9E6B282D200D00BEDA30 /* Build configuration list for PBXProject "TodoList" */;
			compatibilityVersion = "Xcode 13.0";
			developmentRegion = en;
			hasScannedForEncodings = 0;
			knownRegions = (
				en,
				Base,
			);
			mainGroup = E4AC9E67282D200D00BEDA30;
			productRefGroup = E4AC9E71282D200D00BEDA30 /* Products */;
			projectDirPath = "";
			projectRoot = "";
			targets = (
				E4AC9E6F282D200D00BEDA30 /* TodoList */,
			);
		};
/* End PBXProject section */

/* Begin PBXResourcesBuildPhase section */
		E4AC9E6E282D200D00BEDA30 /* Resources */ = {
			isa = PBXResourcesBuildPhase;
			buildActionMask = 2147483647;
			files = (
				E4AC9E93282D72AF00BEDA30 /* LaunchScreen.storyboard in Resources */,
				E4AC9E7B282D200E00BEDA30 /* Preview Assets.xcassets in Resources */,
				E4AC9E78282D200E00BEDA30 /* Assets.xcassets in Resources */,
			);
			runOnlyForDeploymentPostprocessing = 0;
		};
/* End PBXResourcesBuildPhase section */

/* Begin PBXSourcesBuildPhase section */
		E4AC9E6C282D200D00BEDA30 /* Sources */ = {
			isa = PBXSourcesBuildPhase;
			buildActionMask = 2147483647;
			files = (
				E4AC9E8A282D2EEA00BEDA30 /* ItemModel.swift in Sources */,
				E4AC9E87282D2BE500BEDA30 /* AddView.swift in Sources */,
				E4AC9E8D282D33CC00BEDA30 /* ListViewModel.swift in Sources */,
				E4AC9E74282D200D00BEDA30 /* TodoListApp.swift in Sources */,
				E4AC9E83282D20B600BEDA30 /* ListView.swift in Sources */,
				E4AC9E91282D4A7C00BEDA30 /* NoItemsView.swift in Sources */,
				E4AC9E85282D21EF00BEDA30 /* ListRowView.swift in Sources */,
			);
			runOnlyForDeploymentPostprocessing = 0;
		};
/* End PBXSourcesBuildPhase section */

/* Begin XCBuildConfiguration section */
		E4AC9E7C282D200E00BEDA30 /* Debug */ = {
			isa = XCBuildConfiguration;
			buildSettings = {
				ALWAYS_SEARCH_USER_PATHS = NO;
				CLANG_ANALYZER_NONNULL = YES;
				CLANG_ANALYZER_NUMBER_OBJECT_CONVERSION = YES_AGGRESSIVE;
				CLANG_CXX_LANGUAGE_STANDARD = "gnu++17";
				CLANG_ENABLE_MODULES = YES;
				CLANG_ENABLE_OBJC_ARC = YES;
				CLANG_ENABLE_OBJC_WEAK = YES;
				CLANG_WARN_BLOCK_CAPTURE_AUTORELEASING = YES;
				CLANG_WARN_BOOL_CONVERSION = YES;
				CLANG_WARN_COMMA = YES;
				CLANG_WARN_CONSTANT_CONVERSION = YES;
				CLANG_WARN_DEPRECATED_OBJC_IMPLEMENTATIONS = YES;
				CLANG_WARN_DIRECT_OBJC_ISA_USAGE = YES_ERROR;
				CLANG_WARN_DOCUMENTATION_COMMENTS = YES;
				CLANG_WARN_EMPTY_BODY = YES;
				CLANG_WARN_ENUM_CONVERSION = YES;
				CLANG_WARN_INFINITE_RECURSION = YES;
				CLANG_WARN_INT_CONVERSION = YES;
				CLANG_WARN_NON_LITERAL_NULL_CONVERSION = YES;
				CLANG_WARN_OBJC_IMPLICIT_RETAIN_SELF = YES;
				CLANG_WARN_OBJC_LITERAL_CONVERSION = YES;
				CLANG_WARN_OBJC_ROOT_CLASS = YES_ERROR;
				CLANG_WARN_QUOTED_INCLUDE_IN_FRAMEWORK_HEADER = YES;
				CLANG_WARN_RANGE_LOOP_ANALYSIS = YES;
				CLANG_WARN_STRICT_PROTOTYPES = YES;
				CLANG_WARN_SUSPICIOUS_MOVE = YES;
				CLANG_WARN_UNGUARDED_AVAILABILITY = YES_AGGRESSIVE;
				CLANG_WARN_UNREACHABLE_CODE = YES;
				CLANG_WARN__DUPLICATE_METHOD_MATCH = YES;
				COPY_PHASE_STRIP = NO;
				DEBUG_INFORMATION_FORMAT = dwarf;
				ENABLE_STRICT_OBJC_MSGSEND = YES;
				ENABLE_TESTABILITY = YES;
				GCC_C_LANGUAGE_STANDARD = gnu11;
				GCC_DYNAMIC_NO_PIC = NO;
				GCC_NO_COMMON_BLOCKS = YES;
				GCC_OPTIMIZATION_LEVEL = 0;
				GCC_PREPROCESSOR_DEFINITIONS = (
					"DEBUG=1",
					"$(inherited)",
				);
				GCC_WARN_64_TO_32_BIT_CONVERSION = YES;
				GCC_WARN_ABOUT_RETURN_TYPE = YES_ERROR;
				GCC_WARN_UNDECLARED_SELECTOR = YES;
				GCC_WARN_UNINITIALIZED_AUTOS = YES_AGGRESSIVE;
				GCC_WARN_UNUSED_FUNCTION = YES;
				GCC_WARN_UNUSED_VARIABLE = YES;
				IPHONEOS_DEPLOYMENT_TARGET = 15.4;
				MTL_ENABLE_DEBUG_INFO = INCLUDE_SOURCE;
				MTL_FAST_MATH = YES;
				ONLY_ACTIVE_ARCH = YES;
				SDKROOT = iphoneos;
				SWIFT_ACTIVE_COMPILATION_CONDITIONS = DEBUG;
				SWIFT_OPTIMIZATION_LEVEL = "-Onone";
			};
			name = Debug;
		};
		E4AC9E7D282D200E00BEDA30 /* Release */ = {
			isa = XCBuildConfiguration;
			buildSettings = {
				ALWAYS_SEARCH_USER_PATHS = NO;
				CLANG_ANALYZER_NONNULL = YES;
				CLANG_ANALYZER_NUMBER_OBJECT_CONVERSION = YES_AGGRESSIVE;
				CLANG_CXX_LANGUAGE_STANDARD = "gnu++17";
				CLANG_ENABLE_MODULES = YES;
				CLANG_ENABLE_OBJC_ARC = YES;
				CLANG_ENABLE_OBJC_WEAK = YES;
				CLANG_WARN_BLOCK_CAPTURE_AUTORELEASING = YES;
				CLANG_WARN_BOOL_CONVERSION = YES;
				CLANG_WARN_COMMA = YES;
				CLANG_WARN_CONSTANT_CONVERSION = YES;
				CLANG_WARN_DEPRECATED_OBJC_IMPLEMENTATIONS = YES;
				CLANG_WARN_DIRECT_OBJC_ISA_USAGE = YES_ERROR;
				CLANG_WARN_DOCUMENTATION_COMMENTS = YES;
				CLANG_WARN_EMPTY_BODY = YES;
				CLANG_WARN_ENUM_CONVERSION = YES;
				CLANG_WARN_INFINITE_RECURSION = YES;
				CLANG_WARN_INT_CONVERSION = YES;
				CLANG_WARN_NON_LITERAL_NULL_CONVERSION = YES;
				CLANG_WARN_OBJC_IMPLICIT_RETAIN_SELF = YES;
				CLANG_WARN_OBJC_LITERAL_CONVERSION = YES;
				CLANG_WARN_OBJC_ROOT_CLASS = YES_ERROR;
				CLANG_WARN_QUOTED_INCLUDE_IN_FRAMEWORK_HEADER = YES;
				CLANG_WARN_RANGE_LOOP_ANALYSIS = YES;
				CLANG_WARN_STRICT_PROTOTYPES = YES;
				CLANG_WARN_SUSPICIOUS_MOVE = YES;
				CLANG_WARN_UNGUARDED_AVAILABILITY = YES_AGGRESSIVE;
				CLANG_WARN_UNREACHABLE_CODE = YES;
				CLANG_WARN__DUPLICATE_METHOD_MATCH = YES;
				COPY_PHASE_STRIP = NO;
				DEBUG_INFORMATION_FORMAT = "dwarf-with-dsym";
				ENABLE_NS_ASSERTIONS = NO;
				ENABLE_STRICT_OBJC_MSGSEND = YES;
				GCC_C_LANGUAGE_STANDARD = gnu11;
				GCC_NO_COMMON_BLOCKS = YES;
				GCC_WARN_64_TO_32_BIT_CONVERSION = YES;
				GCC_WARN_ABOUT_RETURN_TYPE = YES_ERROR;
				GCC_WARN_UNDECLARED_SELECTOR = YES;
				GCC_WARN_UNINITIALIZED_AUTOS = YES_AGGRESSIVE;
				GCC_WARN_UNUSED_FUNCTION = YES;
				GCC_WARN_UNUSED_VARIABLE = YES;
				IPHONEOS_DEPLOYMENT_TARGET = 15.4;
				MTL_ENABLE_DEBUG_INFO = NO;
				MTL_FAST_MATH = YES;
				SDKROOT = iphoneos;
				SWIFT_COMPILATION_MODE = wholemodule;
				SWIFT_OPTIMIZATION_LEVEL = "-O";
				VALIDATE_PRODUCT = YES;
			};
			name = Release;
		};
		E4AC9E7F282D200E00BEDA30 /* Debug */ = {
			isa = XCBuildConfiguration;
			buildSettings = {
				ASSETCATALOG_COMPILER_APPICON_NAME = AppIcon;
				ASSETCATALOG_COMPILER_GLOBAL_ACCENT_COLOR_NAME = AccentColor;
				CODE_SIGN_STYLE = Automatic;
				CURRENT_PROJECT_VERSION = 1;
				DEVELOPMENT_ASSET_PATHS = "\"TodoList/Preview Content\"";
				DEVELOPMENT_TEAM = BQH36CFX55;
				ENABLE_PREVIEWS = YES;
				GENERATE_INFOPLIST_FILE = YES;
				INFOPLIST_KEY_UIApplicationSceneManifest_Generation = YES;
				INFOPLIST_KEY_UIApplicationSupportsIndirectInputEvents = YES;
				INFOPLIST_KEY_UILaunchScreen_Generation = YES;
				INFOPLIST_KEY_UISupportedInterfaceOrientations_iPad = "UIInterfaceOrientationPortrait UIInterfaceOrientationPortraitUpsideDown UIInterfaceOrientationLandscapeLeft UIInterfaceOrientationLandscapeRight";
				INFOPLIST_KEY_UISupportedInterfaceOrientations_iPhone = "UIInterfaceOrientationPortrait UIInterfaceOrientationLandscapeLeft UIInterfaceOrientationLandscapeRight";
				LD_RUNPATH_SEARCH_PATHS = (
					"$(inherited)",
					"@executable_path/Frameworks",
				);
				MARKETING_VERSION = 1.0;
				PRODUCT_BUNDLE_IDENTIFIER = com.hexcreators.TodoList;
				PRODUCT_NAME = "Do things";
				SWIFT_EMIT_LOC_STRINGS = YES;
				SWIFT_VERSION = 5.0;
				TARGETED_DEVICE_FAMILY = "1,2";
			};
			name = Debug;
		};
		E4AC9E80282D200E00BEDA30 /* Release */ = {
			isa = XCBuildConfiguration;
			buildSettings = {
				ASSETCATALOG_COMPILER_APPICON_NAME = AppIcon;
				ASSETCATALOG_COMPILER_GLOBAL_ACCENT_COLOR_NAME = AccentColor;
				CODE_SIGN_STYLE = Automatic;
				CURRENT_PROJECT_VERSION = 1;
				DEVELOPMENT_ASSET_PATHS = "\"TodoList/Preview Content\"";
				DEVELOPMENT_TEAM = BQH36CFX55;
				ENABLE_PREVIEWS = YES;
				GENERATE_INFOPLIST_FILE = YES;
				INFOPLIST_KEY_UIApplicationSceneManifest_Generation = YES;
				INFOPLIST_KEY_UIApplicationSupportsIndirectInputEvents = YES;
				INFOPLIST_KEY_UILaunchScreen_Generation = YES;
				INFOPLIST_KEY_UISupportedInterfaceOrientations_iPad = "UIInterfaceOrientationPortrait UIInterfaceOrientationPortraitUpsideDown UIInterfaceOrientationLandscapeLeft UIInterfaceOrientationLandscapeRight";
				INFOPLIST_KEY_UISupportedInterfaceOrientations_iPhone = "UIInterfaceOrientationPortrait UIInterfaceOrientationLandscapeLeft UIInterfaceOrientationLandscapeRight";
				LD_RUNPATH_SEARCH_PATHS = (
					"$(inherited)",
					"@executable_path/Frameworks",
				);
				MARKETING_VERSION = 1.0;
				PRODUCT_BUNDLE_IDENTIFIER = com.hexcreators.TodoList;
				PRODUCT_NAME = "Do things";
				SWIFT_EMIT_LOC_STRINGS = YES;
				SWIFT_VERSION = 5.0;
				TARGETED_DEVICE_FAMILY = "1,2";
			};
			name = Release;
		};
/* End XCBuildConfiguration section */

/* Begin XCConfigurationList section */
		E4AC9E6B282D200D00BEDA30 /* Build configuration list for PBXProject "TodoList" */ = {
			isa = XCConfigurationList;
			buildConfigurations = (
				E4AC9E7C282D200E00BEDA30 /* Debug */,
				E4AC9E7D282D200E00BEDA30 /* Release */,
			);
			defaultConfigurationIsVisible = 0;
			defaultConfigurationName = Release;
		};
		E4AC9E7E282D200E00BEDA30 /* Build configuration list for PBXNativeTarget "TodoList" */ = {
			isa = XCConfigurationList;
			buildConfigurations = (
				E4AC9E7F282D200E00BEDA30 /* Debug */,
				E4AC9E80282D200E00BEDA30 /* Release */,
			);
			defaultConfigurationIsVisible = 0;
			defaultConfigurationName = Release;
		};
/* End XCConfigurationList section */
	};
	rootObject = E4AC9E68282D200D00BEDA30 /* Project object */;
}
