// !$*UTF8*$!
{
	archiveVersion = 1;
	classes = {
	};
	objectVersion = 56;
	objects = {

/* Begin PBXBuildFile section */
		E400BBB329337ED400AD3B96 /* ParallaxHomeView.swift in Sources */ = {isa = PBXBuildFile; fileRef = E400BBB229337ED400AD3B96 /* ParallaxHomeView.swift */; };
		E400BBB529337F3C00AD3B96 /* HeaderView.swift in Sources */ = {isa = PBXBuildFile; fileRef = E400BBB429337F3C00AD3B96 /* HeaderView.swift */; };
		E400BBB72933801C00AD3B96 /* StickyView.swift in Sources */ = {isa = PBXBuildFile; fileRef = E400BBB62933801C00AD3B96 /* StickyView.swift */; };
		E400BBBA2933C48400AD3B96 /* Utilities.swift in Sources */ = {isa = PBXBuildFile; fileRef = E400BBB92933C48400AD3B96 /* Utilities.swift */; };
		E400BBC22934A92500AD3B96 /* UIAnimationView.swift in Sources */ = {isa = PBXBuildFile; fileRef = E400BBC12934A92500AD3B96 /* UIAnimationView.swift */; };
		E400BBD72934DE1000AD3B96 /* IconButton.swift in Sources */ = {isa = PBXBuildFile; fileRef = E400BBD62934DE1000AD3B96 /* IconButton.swift */; };
		E4503A58292281E600A81943 /* UIAnimationsApp.swift in Sources */ = {isa = PBXBuildFile; fileRef = E4503A57292281E600A81943 /* UIAnimationsApp.swift */; };
		E4503A5A292281E600A81943 /* ContentView.swift in Sources */ = {isa = PBXBuildFile; fileRef = E4503A59292281E600A81943 /* ContentView.swift */; };
		E4503A5C292281E600A81943 /* Assets.xcassets in Resources */ = {isa = PBXBuildFile; fileRef = E4503A5B292281E600A81943 /* Assets.xcassets */; };
		E4503A5F292281E600A81943 /* Preview Assets.xcassets in Resources */ = {isa = PBXBuildFile; fileRef = E4503A5E292281E600A81943 /* Preview Assets.xcassets */; };
/* End PBXBuildFile section */

/* Begin PBXFileReference section */
		E400BBB229337ED400AD3B96 /* ParallaxHomeView.swift */ = {isa = PBXFileReference; lastKnownFileType = sourcecode.swift; path = ParallaxHomeView.swift; sourceTree = "<group>"; };
		E400BBB429337F3C00AD3B96 /* HeaderView.swift */ = {isa = PBXFileReference; lastKnownFileType = sourcecode.swift; path = HeaderView.swift; sourceTree = "<group>"; };
		E400BBB62933801C00AD3B96 /* StickyView.swift */ = {isa = PBXFileReference; lastKnownFileType = sourcecode.swift; path = StickyView.swift; sourceTree = "<group>"; };
		E400BBB92933C48400AD3B96 /* Utilities.swift */ = {isa = PBXFileReference; lastKnownFileType = sourcecode.swift; path = Utilities.swift; sourceTree = "<group>"; };
		E400BBC12934A92500AD3B96 /* UIAnimationView.swift */ = {isa = PBXFileReference; lastKnownFileType = sourcecode.swift; path = UIAnimationView.swift; sourceTree = "<group>"; };
		E400BBD62934DE1000AD3B96 /* IconButton.swift */ = {isa = PBXFileReference; lastKnownFileType = sourcecode.swift; path = IconButton.swift; sourceTree = "<group>"; };
		E4503A54292281E600A81943 /* UIAnimations.app */ = {isa = PBXFileReference; explicitFileType = wrapper.application; includeInIndex = 0; path = UIAnimations.app; sourceTree = BUILT_PRODUCTS_DIR; };
		E4503A57292281E600A81943 /* UIAnimationsApp.swift */ = {isa = PBXFileReference; lastKnownFileType = sourcecode.swift; path = UIAnimationsApp.swift; sourceTree = "<group>"; };
		E4503A59292281E600A81943 /* ContentView.swift */ = {isa = PBXFileReference; lastKnownFileType = sourcecode.swift; path = ContentView.swift; sourceTree = "<group>"; };
		E4503A5B292281E600A81943 /* Assets.xcassets */ = {isa = PBXFileReference; lastKnownFileType = folder.assetcatalog; path = Assets.xcassets; sourceTree = "<group>"; };
		E4503A5E292281E600A81943 /* Preview Assets.xcassets */ = {isa = PBXFileReference; lastKnownFileType = folder.assetcatalog; path = "Preview Assets.xcassets"; sourceTree = "<group>"; };
/* End PBXFileReference section */

/* Begin PBXFrameworksBuildPhase section */
		E4503A51292281E600A81943 /* Frameworks */ = {
			isa = PBXFrameworksBuildPhase;
			buildActionMask = 2147483647;
			files = (
			);
			runOnlyForDeploymentPostprocessing = 0;
		};
/* End PBXFrameworksBuildPhase section */

/* Begin PBXGroup section */
		E400BBB029337E6000AD3B96 /* Parallax */ = {
			isa = PBXGroup;
			children = (
				E400BBB129337E8100AD3B96 /* View */,
			);
			path = Parallax;
			sourceTree = "<group>";
		};
		E400BBB129337E8100AD3B96 /* View */ = {
			isa = PBXGroup;
			children = (
				E400BBB229337ED400AD3B96 /* ParallaxHomeView.swift */,
				E400BBB429337F3C00AD3B96 /* HeaderView.swift */,
				E400BBB62933801C00AD3B96 /* StickyView.swift */,
			);
			path = View;
			sourceTree = "<group>";
		};
		E400BBC02934A8EB00AD3B96 /* MainView */ = {
			isa = PBXGroup;
			children = (
				E4503A59292281E600A81943 /* ContentView.swift */,
				E400BBC12934A92500AD3B96 /* UIAnimationView.swift */,
			);
			path = MainView;
			sourceTree = "<group>";
		};
		E400BBD42934DDF100AD3B96 /* Common */ = {
			isa = PBXGroup;
			children = (
				E400BBD82935108C00AD3B96 /* Utility */,
				E400BBD52934DDF900AD3B96 /* Components */,
			);
			path = Common;
			sourceTree = "<group>";
		};
		E400BBD52934DDF900AD3B96 /* Components */ = {
			isa = PBXGroup;
			children = (
				E400BBD62934DE1000AD3B96 /* IconButton.swift */,
			);
			path = Components;
			sourceTree = "<group>";
		};
		E400BBD82935108C00AD3B96 /* Utility */ = {
			isa = PBXGroup;
			children = (
				E400BBB92933C48400AD3B96 /* Utilities.swift */,
			);
			path = Utility;
			sourceTree = "<group>";
		};
		E4503A4B292281E600A81943 = {
			isa = PBXGroup;
			children = (
				E4503A56292281E600A81943 /* UIAnimations */,
				E4503A55292281E600A81943 /* Products */,
			);
			sourceTree = "<group>";
		};
		E4503A55292281E600A81943 /* Products */ = {
			isa = PBXGroup;
			children = (
				E4503A54292281E600A81943 /* UIAnimations.app */,
			);
			name = Products;
			sourceTree = "<group>";
		};
		E4503A56292281E600A81943 /* UIAnimations */ = {
			isa = PBXGroup;
			children = (
				E400BBD42934DDF100AD3B96 /* Common */,
				E400BBB029337E6000AD3B96 /* Parallax */,
				E400BBC02934A8EB00AD3B96 /* MainView */,
				E4503A57292281E600A81943 /* UIAnimationsApp.swift */,
				E4503A5B292281E600A81943 /* Assets.xcassets */,
				E4503A5D292281E600A81943 /* Preview Content */,
			);
			path = UIAnimations;
			sourceTree = "<group>";
		};
		E4503A5D292281E600A81943 /* Preview Content */ = {
			isa = PBXGroup;
			children = (
				E4503A5E292281E600A81943 /* Preview Assets.xcassets */,
			);
			path = "Preview Content";
			sourceTree = "<group>";
		};
/* End PBXGroup section */

/* Begin PBXNativeTarget section */
		E4503A53292281E600A81943 /* UIAnimations */ = {
			isa = PBXNativeTarget;
			buildConfigurationList = E4503A62292281E600A81943 /* Build configuration list for PBXNativeTarget "UIAnimations" */;
			buildPhases = (
				E4503A50292281E600A81943 /* Sources */,
				E4503A51292281E600A81943 /* Frameworks */,
				E4503A52292281E600A81943 /* Resources */,
			);
			buildRules = (
			);
			dependencies = (
			);
			name = UIAnimations;
			productName = UIAnimations;
			productReference = E4503A54292281E600A81943 /* UIAnimations.app */;
			productType = "com.apple.product-type.application";
		};
/* End PBXNativeTarget section */

/* Begin PBXProject section */
		E4503A4C292281E600A81943 /* Project object */ = {
			isa = PBXProject;
			attributes = {
				BuildIndependentTargetsInParallel = 1;
				LastSwiftUpdateCheck = 1400;
				LastUpgradeCheck = 1400;
				TargetAttributes = {
					E4503A53292281E600A81943 = {
						CreatedOnToolsVersion = 14.0;
					};
				};
			};
			buildConfigurationList = E4503A4F292281E600A81943 /* Build configuration list for PBXProject "UIAnimations" */;
			compatibilityVersion = "Xcode 14.0";
			developmentRegion = en;
			hasScannedForEncodings = 0;
			knownRegions = (
				en,
				Base,
			);
			mainGroup = E4503A4B292281E600A81943;
			productRefGroup = E4503A55292281E600A81943 /* Products */;
			projectDirPath = "";
			projectRoot = "";
			targets = (
				E4503A53292281E600A81943 /* UIAnimations */,
			);
		};
/* End PBXProject section */

/* Begin PBXResourcesBuildPhase section */
		E4503A52292281E600A81943 /* Resources */ = {
			isa = PBXResourcesBuildPhase;
			buildActionMask = 2147483647;
			files = (
				E4503A5F292281E600A81943 /* Preview Assets.xcassets in Resources */,
				E4503A5C292281E600A81943 /* Assets.xcassets in Resources */,
			);
			runOnlyForDeploymentPostprocessing = 0;
		};
/* End PBXResourcesBuildPhase section */

/* Begin PBXSourcesBuildPhase section */
		E4503A50292281E600A81943 /* Sources */ = {
			isa = PBXSourcesBuildPhase;
			buildActionMask = 2147483647;
			files = (
				E400BBBA2933C48400AD3B96 /* Utilities.swift in Sources */,
				E400BBC22934A92500AD3B96 /* UIAnimationView.swift in Sources */,
				E400BBB329337ED400AD3B96 /* ParallaxHomeView.swift in Sources */,
				E400BBB72933801C00AD3B96 /* StickyView.swift in Sources */,
				E4503A5A292281E600A81943 /* ContentView.swift in Sources */,
				E4503A58292281E600A81943 /* UIAnimationsApp.swift in Sources */,
				E400BBB529337F3C00AD3B96 /* HeaderView.swift in Sources */,
				E400BBD72934DE1000AD3B96 /* IconButton.swift in Sources */,
			);
			runOnlyForDeploymentPostprocessing = 0;
		};
/* End PBXSourcesBuildPhase section */

/* Begin XCBuildConfiguration section */
		E4503A60292281E600A81943 /* Debug */ = {
			isa = XCBuildConfiguration;
			buildSettings = {
				ALWAYS_SEARCH_USER_PATHS = NO;
				CLANG_ANALYZER_NONNULL = YES;
				CLANG_ANALYZER_NUMBER_OBJECT_CONVERSION = YES_AGGRESSIVE;
				CLANG_CXX_LANGUAGE_STANDARD = "gnu++20";
				CLANG_ENABLE_MODULES = YES;
				CLANG_ENABLE_OBJC_ARC = YES;
				CLANG_ENABLE_OBJC_WEAK = YES;
				CLANG_WARN_BLOCK_CAPTURE_AUTORELEASING = YES;
				CLANG_WARN_BOOL_CONVERSION = YES;
				CLANG_WARN_COMMA = YES;
				CLANG_WARN_CONSTANT_CONVERSION = YES;
				CLANG_WARN_DEPRECATED_OBJC_IMPLEMENTATIONS = YES;
				CLANG_WARN_DIRECT_OBJC_ISA_USAGE = YES_ERROR;
				CLANG_WARN_DOCUMENTATION_COMMENTS = YES;
				CLANG_WARN_EMPTY_BODY = YES;
				CLANG_WARN_ENUM_CONVERSION = YES;
				CLANG_WARN_INFINITE_RECURSION = YES;
				CLANG_WARN_INT_CONVERSION = YES;
				CLANG_WARN_NON_LITERAL_NULL_CONVERSION = YES;
				CLANG_WARN_OBJC_IMPLICIT_RETAIN_SELF = YES;
				CLANG_WARN_OBJC_LITERAL_CONVERSION = YES;
				CLANG_WARN_OBJC_ROOT_CLASS = YES_ERROR;
				CLANG_WARN_QUOTED_INCLUDE_IN_FRAMEWORK_HEADER = YES;
				CLANG_WARN_RANGE_LOOP_ANALYSIS = YES;
				CLANG_WARN_STRICT_PROTOTYPES = YES;
				CLANG_WARN_SUSPICIOUS_MOVE = YES;
				CLANG_WARN_UNGUARDED_AVAILABILITY = YES_AGGRESSIVE;
				CLANG_WARN_UNREACHABLE_CODE = YES;
				CLANG_WARN__DUPLICATE_METHOD_MATCH = YES;
				COPY_PHASE_STRIP = NO;
				DEBUG_INFORMATION_FORMAT = dwarf;
				ENABLE_STRICT_OBJC_MSGSEND = YES;
				ENABLE_TESTABILITY = YES;
				GCC_C_LANGUAGE_STANDARD = gnu11;
				GCC_DYNAMIC_NO_PIC = NO;
				GCC_NO_COMMON_BLOCKS = YES;
				GCC_OPTIMIZATION_LEVEL = 0;
				GCC_PREPROCESSOR_DEFINITIONS = (
					"DEBUG=1",
					"$(inherited)",
				);
				GCC_WARN_64_TO_32_BIT_CONVERSION = YES;
				GCC_WARN_ABOUT_RETURN_TYPE = YES_ERROR;
				GCC_WARN_UNDECLARED_SELECTOR = YES;
				GCC_WARN_UNINITIALIZED_AUTOS = YES_AGGRESSIVE;
				GCC_WARN_UNUSED_FUNCTION = YES;
				GCC_WARN_UNUSED_VARIABLE = YES;
				IPHONEOS_DEPLOYMENT_TARGET = 16.0;
				MTL_ENABLE_DEBUG_INFO = INCLUDE_SOURCE;
				MTL_FAST_MATH = YES;
				ONLY_ACTIVE_ARCH = YES;
				SDKROOT = iphoneos;
				SWIFT_ACTIVE_COMPILATION_CONDITIONS = DEBUG;
				SWIFT_OPTIMIZATION_LEVEL = "-Onone";
			};
			name = Debug;
		};
		E4503A61292281E600A81943 /* Release */ = {
			isa = XCBuildConfiguration;
			buildSettings = {
				ALWAYS_SEARCH_USER_PATHS = NO;
				CLANG_ANALYZER_NONNULL = YES;
				CLANG_ANALYZER_NUMBER_OBJECT_CONVERSION = YES_AGGRESSIVE;
				CLANG_CXX_LANGUAGE_STANDARD = "gnu++20";
				CLANG_ENABLE_MODULES = YES;
				CLANG_ENABLE_OBJC_ARC = YES;
				CLANG_ENABLE_OBJC_WEAK = YES;
				CLANG_WARN_BLOCK_CAPTURE_AUTORELEASING = YES;
				CLANG_WARN_BOOL_CONVERSION = YES;
				CLANG_WARN_COMMA = YES;
				CLANG_WARN_CONSTANT_CONVERSION = YES;
				CLANG_WARN_DEPRECATED_OBJC_IMPLEMENTATIONS = YES;
				CLANG_WARN_DIRECT_OBJC_ISA_USAGE = YES_ERROR;
				CLANG_WARN_DOCUMENTATION_COMMENTS = YES;
				CLANG_WARN_EMPTY_BODY = YES;
				CLANG_WARN_ENUM_CONVERSION = YES;
				CLANG_WARN_INFINITE_RECURSION = YES;
				CLANG_WARN_INT_CONVERSION = YES;
				CLANG_WARN_NON_LITERAL_NULL_CONVERSION = YES;
				CLANG_WARN_OBJC_IMPLICIT_RETAIN_SELF = YES;
				CLANG_WARN_OBJC_LITERAL_CONVERSION = YES;
				CLANG_WARN_OBJC_ROOT_CLASS = YES_ERROR;
				CLANG_WARN_QUOTED_INCLUDE_IN_FRAMEWORK_HEADER = YES;
				CLANG_WARN_RANGE_LOOP_ANALYSIS = YES;
				CLANG_WARN_STRICT_PROTOTYPES = YES;
				CLANG_WARN_SUSPICIOUS_MOVE = YES;
				CLANG_WARN_UNGUARDED_AVAILABILITY = YES_AGGRESSIVE;
				CLANG_WARN_UNREACHABLE_CODE = YES;
				CLANG_WARN__DUPLICATE_METHOD_MATCH = YES;
				COPY_PHASE_STRIP = NO;
				DEBUG_INFORMATION_FORMAT = "dwarf-with-dsym";
				ENABLE_NS_ASSERTIONS = NO;
				ENABLE_STRICT_OBJC_MSGSEND = YES;
				GCC_C_LANGUAGE_STANDARD = gnu11;
				GCC_NO_COMMON_BLOCKS = YES;
				GCC_WARN_64_TO_32_BIT_CONVERSION = YES;
				GCC_WARN_ABOUT_RETURN_TYPE = YES_ERROR;
				GCC_WARN_UNDECLARED_SELECTOR = YES;
				GCC_WARN_UNINITIALIZED_AUTOS = YES_AGGRESSIVE;
				GCC_WARN_UNUSED_FUNCTION = YES;
				GCC_WARN_UNUSED_VARIABLE = YES;
				IPHONEOS_DEPLOYMENT_TARGET = 16.0;
				MTL_ENABLE_DEBUG_INFO = NO;
				MTL_FAST_MATH = YES;
				SDKROOT = iphoneos;
				SWIFT_COMPILATION_MODE = wholemodule;
				SWIFT_OPTIMIZATION_LEVEL = "-O";
				VALIDATE_PRODUCT = YES;
			};
			name = Release;
		};
		E4503A63292281E600A81943 /* Debug */ = {
			isa = XCBuildConfiguration;
			buildSettings = {
				ASSETCATALOG_COMPILER_APPICON_NAME = AppIcon;
				ASSETCATALOG_COMPILER_GLOBAL_ACCENT_COLOR_NAME = AccentColor;
				CODE_SIGN_STYLE = Automatic;
				CURRENT_PROJECT_VERSION = 1;
				DEVELOPMENT_ASSET_PATHS = "\"UIAnimations/Preview Content\"";
				DEVELOPMENT_TEAM = BQH36CFX55;
				ENABLE_PREVIEWS = YES;
				GENERATE_INFOPLIST_FILE = YES;
				INFOPLIST_KEY_UIApplicationSceneManifest_Generation = YES;
				INFOPLIST_KEY_UIApplicationSupportsIndirectInputEvents = YES;
				INFOPLIST_KEY_UILaunchScreen_Generation = YES;
				INFOPLIST_KEY_UISupportedInterfaceOrientations_iPad = "UIInterfaceOrientationPortrait UIInterfaceOrientationPortraitUpsideDown UIInterfaceOrientationLandscapeLeft UIInterfaceOrientationLandscapeRight";
				INFOPLIST_KEY_UISupportedInterfaceOrientations_iPhone = "UIInterfaceOrientationPortrait UIInterfaceOrientationLandscapeLeft UIInterfaceOrientationLandscapeRight";
				LD_RUNPATH_SEARCH_PATHS = (
					"$(inherited)",
					"@executable_path/Frameworks",
				);
				MARKETING_VERSION = 1.0;
				PRODUCT_BUNDLE_IDENTIFIER = com.hexcreators.UIAnimations;
				PRODUCT_NAME = "$(TARGET_NAME)";
				SWIFT_EMIT_LOC_STRINGS = YES;
				SWIFT_VERSION = 5.0;
				TARGETED_DEVICE_FAMILY = "1,2";
			};
			name = Debug;
		};
		E4503A64292281E600A81943 /* Release */ = {
			isa = XCBuildConfiguration;
			buildSettings = {
				ASSETCATALOG_COMPILER_APPICON_NAME = AppIcon;
				ASSETCATALOG_COMPILER_GLOBAL_ACCENT_COLOR_NAME = AccentColor;
				CODE_SIGN_STYLE = Automatic;
				CURRENT_PROJECT_VERSION = 1;
				DEVELOPMENT_ASSET_PATHS = "\"UIAnimations/Preview Content\"";
				DEVELOPMENT_TEAM = BQH36CFX55;
				ENABLE_PREVIEWS = YES;
				GENERATE_INFOPLIST_FILE = YES;
				INFOPLIST_KEY_UIApplicationSceneManifest_Generation = YES;
				INFOPLIST_KEY_UIApplicationSupportsIndirectInputEvents = YES;
				INFOPLIST_KEY_UILaunchScreen_Generation = YES;
				INFOPLIST_KEY_UISupportedInterfaceOrientations_iPad = "UIInterfaceOrientationPortrait UIInterfaceOrientationPortraitUpsideDown UIInterfaceOrientationLandscapeLeft UIInterfaceOrientationLandscapeRight";
				INFOPLIST_KEY_UISupportedInterfaceOrientations_iPhone = "UIInterfaceOrientationPortrait UIInterfaceOrientationLandscapeLeft UIInterfaceOrientationLandscapeRight";
				LD_RUNPATH_SEARCH_PATHS = (
					"$(inherited)",
					"@executable_path/Frameworks",
				);
				MARKETING_VERSION = 1.0;
				PRODUCT_BUNDLE_IDENTIFIER = com.hexcreators.UIAnimations;
				PRODUCT_NAME = "$(TARGET_NAME)";
				SWIFT_EMIT_LOC_STRINGS = YES;
				SWIFT_VERSION = 5.0;
				TARGETED_DEVICE_FAMILY = "1,2";
			};
			name = Release;
		};
/* End XCBuildConfiguration section */

/* Begin XCConfigurationList section */
		E4503A4F292281E600A81943 /* Build configuration list for PBXProject "UIAnimations" */ = {
			isa = XCConfigurationList;
			buildConfigurations = (
				E4503A60292281E600A81943 /* Debug */,
				E4503A61292281E600A81943 /* Release */,
			);
			defaultConfigurationIsVisible = 0;
			defaultConfigurationName = Release;
		};
		E4503A62292281E600A81943 /* Build configuration list for PBXNativeTarget "UIAnimations" */ = {
			isa = XCConfigurationList;
			buildConfigurations = (
				E4503A63292281E600A81943 /* Debug */,
				E4503A64292281E600A81943 /* Release */,
			);
			defaultConfigurationIsVisible = 0;
			defaultConfigurationName = Release;
		};
/* End XCConfigurationList section */
	};
	rootObject = E4503A4C292281E600A81943 /* Project object */;
}
